
Microsoft Visual Studio Solution File, Format Version 12.00
# Visual Studio Version 17
VisualStudioVersion = 17.13.35931.197 d17.13
MinimumVisualStudioVersion = 10.0.40219.1
Project("{FAE04EC0-301F-11D3-BF4B-00C04F79EFBC}") = "ProductStoreApi", "ProductStoreApi\ProductStoreApi.csproj", "{BA0A1136-7F64-45ED-A4DA-214752D748FE}"
EndProject
Global
	GlobalSection(SolutionConfigurationPlatforms) = preSolution
		Debug|Any CPU = Debug|Any CPU
		Release|Any CPU = Release|Any CPU
	EndGlobalSection
	GlobalSection(ProjectConfigurationPlatforms) = postSolution
		{BA0A1136-7F64-45ED-A4DA-214752D748FE}.Debug|Any CPU.ActiveCfg = Debug|Any CPU
		{BA0A1136-7F64-45ED-A4DA-214752D748FE}.Debug|Any CPU.Build.0 = Debug|Any CPU
		{BA0A1136-7F64-45ED-A4DA-214752D748FE}.Release|Any CPU.ActiveCfg = Release|Any CPU
		{BA0A1136-7F64-45ED-A4DA-214752D748FE}.Release|Any CPU.Build.0 = Release|Any CPU
	EndGlobalSection
	GlobalSection(SolutionProperties) = preSolution
		HideSolutionNode = FALSE
	EndGlobalSection
	GlobalSection(ExtensibilityGlobals) = postSolution
		SolutionGuid = {C38AF716-0741-4684-BFB2-6AD295F6C897}
	EndGlobalSection
EndGlobal
